
Microsoft Visual Studio Solution File, Format Version 12.00
# Visual Studio Version 17
VisualStudioVersion = 17.0.31903.59
MinimumVisualStudioVersion = 10.0.40219.1
Project("{2150E333-8FDC-42A3-9474-1A3956D46DE8}") = "MainBridge", "MainBridge", "{A1B2C3D4-E5F6-4789-A0B1-C2D3E4F5A6B8}"
EndProject
Project("{2150E333-8FDC-42A3-9474-1A3956D46DE8}") = "Satellites", "Satellites", "{F1A2B3C4-D5E6-4789-A0B1-C2D3E4F5A6B7}"
EndProject
Project("{FAE04EC0-301F-11D3-BF4B-00C04F79EFBC}") = "zKerbalismBridge", "Bridge\zKerbalismBridge.csproj", "{C1D2E3F4-A5B6-4789-C0D1-E2F3A4B5C6D7}"
EndProject
Project("{FAE04EC0-301F-11D3-BF4B-00C04F79EFBC}") = "zKerbalismProcess", "Process\zKerbalismProcess.csproj", "{D2E3F4A5-B6C7-4890-D1E2-F3A4B5C6D7E8}"
EndProject
Project("{FAE04EC0-301F-11D3-BF4B-00C04F79EFBC}") = "zKerbalismNative", "Native\zKerbalismNative.csproj", "{E3F4A5B6-C7D8-4901-E2F3-A4B5C6D7E8F9}"
EndProject
Project("{FAE04EC0-301F-11D3-BF4B-00C04F79EFBC}") = "zKerbalismFFT", "FFT\zKerbalismFFT.csproj", "{1C84F8C1-7C2D-4220-98B1-7B3E0EE8416C}"
EndProject
Project("{FAE04EC0-301F-11D3-BF4B-00C04F79EFBC}") = "zKerbalismDynamicRadiation", "DynamicRadiation\zKerbalismDynamicRadiation.csproj", "{B8E4A1C2-5F3D-4A9B-8E1C-2D7F9A4B6C01}"
EndProject
Project("{FAE04EC0-301F-11D3-BF4B-00C04F79EFBC}") = "zKerbalismCryo", "Cryo\zKerbalismCryo.csproj", "{A7C3E9B1-4D2F-4A8E-9B6C-1E2F0D8A4C5B}"
EndProject
Project("{FAE04EC0-301F-11D3-BF4B-00C04F79EFBC}") = "zKerbalismNFE", "NFE\zKerbalismNFE.csproj", "{B4E2C8A1-6F3D-4D91-8E2A-1C9F0B7D4E62}"
EndProject
Project("{FAE04EC0-301F-11D3-BF4B-00C04F79EFBC}") = "zKerbalismSpaceDust", "SpaceDust\zKerbalismSpaceDust.csproj", "{C5D3F1A8-9E4B-4C82-B7A6-2E8D0C9F5B41}"
EndProject
Project("{2150E333-8FDC-42A3-9474-1A3956D46DE8}") = "Solution Items", "Solution Items", "{E8F4A2C1-9D3B-4F7E-A6C5-1B2D3E4F5A6C}"
	ProjectSection(SolutionItems) = preProject
		..\.gitignore = ..\.gitignore
		..\CHANGELOG.md = ..\CHANGELOG.md
		..\LICENSE = ..\LICENSE
		..\README.md = ..\README.md
		Directory.Build.props = Directory.Build.props
	EndProjectSection
EndProject
Global
	GlobalSection(SolutionConfigurationPlatforms) = preSolution
		Debug|Any CPU = Debug|Any CPU
		Release|Any CPU = Release|Any CPU
	EndGlobalSection
	GlobalSection(ProjectConfigurationPlatforms) = postSolution
		{C1D2E3F4-A5B6-4789-C0D1-E2F3A4B5C6D7}.Debug|Any CPU.ActiveCfg = Debug|Any CPU
		{C1D2E3F4-A5B6-4789-C0D1-E2F3A4B5C6D7}.Debug|Any CPU.Build.0 = Debug|Any CPU
		{C1D2E3F4-A5B6-4789-C0D1-E2F3A4B5C6D7}.Release|Any CPU.ActiveCfg = Release|Any CPU
		{C1D2E3F4-A5B6-4789-C0D1-E2F3A4B5C6D7}.Release|Any CPU.Build.0 = Release|Any CPU
		{D2E3F4A5-B6C7-4890-D1E2-F3A4B5C6D7E8}.Debug|Any CPU.ActiveCfg = Debug|Any CPU
		{D2E3F4A5-B6C7-4890-D1E2-F3A4B5C6D7E8}.Debug|Any CPU.Build.0 = Debug|Any CPU
		{D2E3F4A5-B6C7-4890-D1E2-F3A4B5C6D7E8}.Release|Any CPU.ActiveCfg = Release|Any CPU
		{D2E3F4A5-B6C7-4890-D1E2-F3A4B5C6D7E8}.Release|Any CPU.Build.0 = Release|Any CPU
		{E3F4A5B6-C7D8-4901-E2F3-A4B5C6D7E8F9}.Debug|Any CPU.ActiveCfg = Debug|Any CPU
		{E3F4A5B6-C7D8-4901-E2F3-A4B5C6D7E8F9}.Debug|Any CPU.Build.0 = Debug|Any CPU
		{E3F4A5B6-C7D8-4901-E2F3-A4B5C6D7E8F9}.Release|Any CPU.ActiveCfg = Release|Any CPU
		{E3F4A5B6-C7D8-4901-E2F3-A4B5C6D7E8F9}.Release|Any CPU.Build.0 = Release|Any CPU
		{1C84F8C1-7C2D-4220-98B1-7B3E0EE8416C}.Debug|Any CPU.ActiveCfg = Debug|Any CPU
		{1C84F8C1-7C2D-4220-98B1-7B3E0EE8416C}.Debug|Any CPU.Build.0 = Debug|Any CPU
		{1C84F8C1-7C2D-4220-98B1-7B3E0EE8416C}.Release|Any CPU.ActiveCfg = Release|Any CPU
		{1C84F8C1-7C2D-4220-98B1-7B3E0EE8416C}.Release|Any CPU.Build.0 = Release|Any CPU
		{B8E4A1C2-5F3D-4A9B-8E1C-2D7F9A4B6C01}.Debug|Any CPU.ActiveCfg = Debug|Any CPU
		{B8E4A1C2-5F3D-4A9B-8E1C-2D7F9A4B6C01}.Debug|Any CPU.Build.0 = Debug|Any CPU
		{B8E4A1C2-5F3D-4A9B-8E1C-2D7F9A4B6C01}.Release|Any CPU.ActiveCfg = Release|Any CPU
		{B8E4A1C2-5F3D-4A9B-8E1C-2D7F9A4B6C01}.Release|Any CPU.Build.0 = Release|Any CPU
		{A7C3E9B1-4D2F-4A8E-9B6C-1E2F0D8A4C5B}.Debug|Any CPU.ActiveCfg = Debug|Any CPU
		{A7C3E9B1-4D2F-4A8E-9B6C-1E2F0D8A4C5B}.Debug|Any CPU.Build.0 = Debug|Any CPU
		{A7C3E9B1-4D2F-4A8E-9B6C-1E2F0D8A4C5B}.Release|Any CPU.ActiveCfg = Release|Any CPU
		{A7C3E9B1-4D2F-4A8E-9B6C-1E2F0D8A4C5B}.Release|Any CPU.Build.0 = Release|Any CPU
		{B4E2C8A1-6F3D-4D91-8E2A-1C9F0B7D4E62}.Debug|Any CPU.ActiveCfg = Debug|Any CPU
		{B4E2C8A1-6F3D-4D91-8E2A-1C9F0B7D4E62}.Debug|Any CPU.Build.0 = Debug|Any CPU
		{B4E2C8A1-6F3D-4D91-8E2A-1C9F0B7D4E62}.Release|Any CPU.ActiveCfg = Release|Any CPU
		{B4E2C8A1-6F3D-4D91-8E2A-1C9F0B7D4E62}.Release|Any CPU.Build.0 = Release|Any CPU
		{C5D3F1A8-9E4B-4C82-B7A6-2E8D0C9F5B41}.Debug|Any CPU.ActiveCfg = Debug|Any CPU
		{C5D3F1A8-9E4B-4C82-B7A6-2E8D0C9F5B41}.Debug|Any CPU.Build.0 = Debug|Any CPU
		{C5D3F1A8-9E4B-4C82-B7A6-2E8D0C9F5B41}.Release|Any CPU.ActiveCfg = Release|Any CPU
		{C5D3F1A8-9E4B-4C82-B7A6-2E8D0C9F5B41}.Release|Any CPU.Build.0 = Release|Any CPU
	EndGlobalSection
	GlobalSection(SolutionProperties) = preSolution
		HideSolutionNode = FALSE
	EndGlobalSection
	GlobalSection(NestedProjects) = preSolution
		{C1D2E3F4-A5B6-4789-C0D1-E2F3A4B5C6D7} = {A1B2C3D4-E5F6-4789-A0B1-C2D3E4F5A6B8}
		{D2E3F4A5-B6C7-4890-D1E2-F3A4B5C6D7E8} = {A1B2C3D4-E5F6-4789-A0B1-C2D3E4F5A6B8}
		{E3F4A5B6-C7D8-4901-E2F3-A4B5C6D7E8F9} = {A1B2C3D4-E5F6-4789-A0B1-C2D3E4F5A6B8}
		{1C84F8C1-7C2D-4220-98B1-7B3E0EE8416C} = {F1A2B3C4-D5E6-4789-A0B1-C2D3E4F5A6B7}
		{B8E4A1C2-5F3D-4A9B-8E1C-2D7F9A4B6C01} = {F1A2B3C4-D5E6-4789-A0B1-C2D3E4F5A6B7}
		{A7C3E9B1-4D2F-4A8E-9B6C-1E2F0D8A4C5B} = {F1A2B3C4-D5E6-4789-A0B1-C2D3E4F5A6B7}
		{B4E2C8A1-6F3D-4D91-8E2A-1C9F0B7D4E62} = {F1A2B3C4-D5E6-4789-A0B1-C2D3E4F5A6B7}
		{C5D3F1A8-9E4B-4C82-B7A6-2E8D0C9F5B41} = {F1A2B3C4-D5E6-4789-A0B1-C2D3E4F5A6B7}
	EndGlobalSection
	GlobalSection(ProjectDependencies) = postSolution
		{D2E3F4A5-B6C7-4890-D1E2-F3A4B5C6D7E8}.0 = {C1D2E3F4-A5B6-4789-C0D1-E2F3A4B5C6D7}
		{E3F4A5B6-C7D8-4901-E2F3-A4B5C6D7E8F9}.0 = {C1D2E3F4-A5B6-4789-C0D1-E2F3A4B5C6D7}
	EndGlobalSection
	GlobalSection(ExtensibilityGlobals) = postSolution
		SolutionGuid = {C9D8E7F6-A5B4-4321-9876-543210FEDCBA}
	EndGlobalSection
EndGlobal
